// !$*UTF8*$!
{
	archiveVersion = 1;
	classes = {
	};
	objectVersion = 56;
	objects = {

/* Begin PBXBuildFile section */
		8BC09EE1C55A1EE4C7128923 /* Pods_Firebase_Demo.framework in Frameworks */ = {isa = PBXBuildFile; fileRef = 96E95EFC2B5A30A281E32FFE /* Pods_Firebase_Demo.framework */; };
		DBC31AEC2A30B339009AAAAA /* AppDelegate.swift in Sources */ = {isa = PBXBuildFile; fileRef = DBC31AEB2A30B339009AAAAA /* AppDelegate.swift */; };
		DBC31AEE2A30B339009AAAAA /* SceneDelegate.swift in Sources */ = {isa = PBXBuildFile; fileRef = DBC31AED2A30B339009AAAAA /* SceneDelegate.swift */; };
		DBC31AF02A30B339009AAAAA /* ViewController.swift in Sources */ = {isa = PBXBuildFile; fileRef = DBC31AEF2A30B339009AAAAA /* ViewController.swift */; };
		DBC31AF32A30B339009AAAAA /* Main.storyboard in Resources */ = {isa = PBXBuildFile; fileRef = DBC31AF12A30B339009AAAAA /* Main.storyboard */; };
		DBC31AF52A30B33B009AAAAA /* Assets.xcassets in Resources */ = {isa = PBXBuildFile; fileRef = DBC31AF42A30B33B009AAAAA /* Assets.xcassets */; };
		DBC31AF82A30B33B009AAAAA /* LaunchScreen.storyboard in Resources */ = {isa = PBXBuildFile; fileRef = DBC31AF62A30B33B009AAAAA /* LaunchScreen.storyboard */; };
/* End PBXBuildFile section */

/* Begin PBXFileReference section */
		221BBB33595DCD3ED571C534 /* Pods-Firebase_Demo.release.xcconfig */ = {isa = PBXFileReference; includeInIndex = 1; lastKnownFileType = text.xcconfig; name = "Pods-Firebase_Demo.release.xcconfig"; path = "Target Support Files/Pods-Firebase_Demo/Pods-Firebase_Demo.release.xcconfig"; sourceTree = "<group>"; };
		96E95EFC2B5A30A281E32FFE /* Pods_Firebase_Demo.framework */ = {isa = PBXFileReference; explicitFileType = wrapper.framework; includeInIndex = 0; path = Pods_Firebase_Demo.framework; sourceTree = BUILT_PRODUCTS_DIR; };
		AE515DBB5C22366D092E8D78 /* Pods-Firebase_Demo.debug.xcconfig */ = {isa = PBXFileReference; includeInIndex = 1; lastKnownFileType = text.xcconfig; name = "Pods-Firebase_Demo.debug.xcconfig"; path = "Target Support Files/Pods-Firebase_Demo/Pods-Firebase_Demo.debug.xcconfig"; sourceTree = "<group>"; };
		DBC31AE82A30B339009AAAAA /* Firebase_Demo.app */ = {isa = PBXFileReference; explicitFileType = wrapper.application; includeInIndex = 0; path = Firebase_Demo.app; sourceTree = BUILT_PRODUCTS_DIR; };
		DBC31AEB2A30B339009AAAAA /* AppDelegate.swift */ = {isa = PBXFileReference; lastKnownFileType = sourcecode.swift; path = AppDelegate.swift; sourceTree = "<group>"; };
		DBC31AED2A30B339009AAAAA /* SceneDelegate.swift */ = {isa = PBXFileReference; lastKnownFileType = sourcecode.swift; path = SceneDelegate.swift; sourceTree = "<group>"; };
		DBC31AEF2A30B339009AAAAA /* ViewController.swift */ = {isa = PBXFileReference; lastKnownFileType = sourcecode.swift; path = ViewController.swift; sourceTree = "<group>"; };
		DBC31AF22A30B339009AAAAA /* Base */ = {isa = PBXFileReference; lastKnownFileType = file.storyboard; name = Base; path = Base.lproj/Main.storyboard; sourceTree = "<group>"; };
		DBC31AF42A30B33B009AAAAA /* Assets.xcassets */ = {isa = PBXFileReference; lastKnownFileType = folder.assetcatalog; path = Assets.xcassets; sourceTree = "<group>"; };
		DBC31AF72A30B33B009AAAAA /* Base */ = {isa = PBXFileReference; lastKnownFileType = file.storyboard; name = Base; path = Base.lproj/LaunchScreen.storyboard; sourceTree = "<group>"; };
		DBC31AF92A30B33B009AAAAA /* Info.plist */ = {isa = PBXFileReference; lastKnownFileType = text.plist.xml; path = Info.plist; sourceTree = "<group>"; };
		DBC31B002A30B947009AAAAA /* Firebase_Demo.xctestplan */ = {isa = PBXFileReference; lastKnownFileType = text; name = Firebase_Demo.xctestplan; path = ../Firebase_Demo.xctestplan; sourceTree = "<group>"; };
/* End PBXFileReference section */

/* Begin PBXFrameworksBuildPhase section */
		DBC31AE52A30B339009AAAAA /* Frameworks */ = {
			isa = PBXFrameworksBuildPhase;
			buildActionMask = 2147483647;
			files = (
				8BC09EE1C55A1EE4C7128923 /* Pods_Firebase_Demo.framework in Frameworks */,
			);
			runOnlyForDeploymentPostprocessing = 0;
		};
/* End PBXFrameworksBuildPhase section */

/* Begin PBXGroup section */
		28EA1E9982B92EBEFFD893E7 /* Pods */ = {
			isa = PBXGroup;
			children = (
				AE515DBB5C22366D092E8D78 /* Pods-Firebase_Demo.debug.xcconfig */,
				221BBB33595DCD3ED571C534 /* Pods-Firebase_Demo.release.xcconfig */,
			);
			path = Pods;
			sourceTree = "<group>";
		};
		CA26F1300086994DEE13223B /* Frameworks */ = {
			isa = PBXGroup;
			children = (
				96E95EFC2B5A30A281E32FFE /* Pods_Firebase_Demo.framework */,
			);
			name = Frameworks;
			sourceTree = "<group>";
		};
		DBC31ADF2A30B339009AAAAA = {
			isa = PBXGroup;
			children = (
				DBC31B002A30B947009AAAAA /* Firebase_Demo.xctestplan */,
				DBC31AEA2A30B339009AAAAA /* Firebase_Demo */,
				DBC31AE92A30B339009AAAAA /* Products */,
				28EA1E9982B92EBEFFD893E7 /* Pods */,
				CA26F1300086994DEE13223B /* Frameworks */,
			);
			sourceTree = "<group>";
		};
		DBC31AE92A30B339009AAAAA /* Products */ = {
			isa = PBXGroup;
			children = (
				DBC31AE82A30B339009AAAAA /* Firebase_Demo.app */,
			);
			name = Products;
			sourceTree = "<group>";
		};
		DBC31AEA2A30B339009AAAAA /* Firebase_Demo */ = {
			isa = PBXGroup;
			children = (
				DBC31AEB2A30B339009AAAAA /* AppDelegate.swift */,
				DBC31AED2A30B339009AAAAA /* SceneDelegate.swift */,
				DBC31AEF2A30B339009AAAAA /* ViewController.swift */,
				DBC31AF12A30B339009AAAAA /* Main.storyboard */,
				DBC31AF42A30B33B009AAAAA /* Assets.xcassets */,
				DBC31AF62A30B33B009AAAAA /* LaunchScreen.storyboard */,
				DBC31AF92A30B33B009AAAAA /* Info.plist */,
			);
			path = Firebase_Demo;
			sourceTree = "<group>";
		};
/* End PBXGroup section */

/* Begin PBXNativeTarget section */
		DBC31AE72A30B339009AAAAA /* Firebase_Demo */ = {
			isa = PBXNativeTarget;
			buildConfigurationList = DBC31AFC2A30B33B009AAAAA /* Build configuration list for PBXNativeTarget "Firebase_Demo" */;
			buildPhases = (
				F1AD0171667B2351679C657D /* [CP] Check Pods Manifest.lock */,
				DBC31AE42A30B339009AAAAA /* Sources */,
				DBC31AE52A30B339009AAAAA /* Frameworks */,
				DBC31AE62A30B339009AAAAA /* Resources */,
			);
			buildRules = (
			);
			dependencies = (
			);
			name = Firebase_Demo;
			productName = Firebase_Demo;
			productReference = DBC31AE82A30B339009AAAAA /* Firebase_Demo.app */;
			productType = "com.apple.product-type.application";
		};
/* End PBXNativeTarget section */

/* Begin PBXProject section */
		DBC31AE02A30B339009AAAAA /* Project object */ = {
			isa = PBXProject;
			attributes = {
				BuildIndependentTargetsInParallel = 1;
				LastSwiftUpdateCheck = 1430;
				LastUpgradeCheck = 1430;
				TargetAttributes = {
					DBC31AE72A30B339009AAAAA = {
						CreatedOnToolsVersion = 14.3;
					};
				};
			};
			buildConfigurationList = DBC31AE32A30B339009AAAAA /* Build configuration list for PBXProject "Firebase_Demo" */;
			compatibilityVersion = "Xcode 14.0";
			developmentRegion = en;
			hasScannedForEncodings = 0;
			knownRegions = (
				en,
				Base,
			);
			mainGroup = DBC31ADF2A30B339009AAAAA;
			productRefGroup = DBC31AE92A30B339009AAAAA /* Products */;
			projectDirPath = "";
			projectRoot = "";
			targets = (
				DBC31AE72A30B339009AAAAA /* Firebase_Demo */,
			);
		};
/* End PBXProject section */

/* Begin PBXResourcesBuildPhase section */
		DBC31AE62A30B339009AAAAA /* Resources */ = {
			isa = PBXResourcesBuildPhase;
			buildActionMask = 2147483647;
			files = (
				DBC31AF82A30B33B009AAAAA /* LaunchScreen.storyboard in Resources */,
				DBC31AF52A30B33B009AAAAA /* Assets.xcassets in Resources */,
				DBC31AF32A30B339009AAAAA /* Main.storyboard in Resources */,
			);
			runOnlyForDeploymentPostprocessing = 0;
		};
/* End PBXResourcesBuildPhase section */

/* Begin PBXShellScriptBuildPhase section */
		F1AD0171667B2351679C657D /* [CP] Check Pods Manifest.lock */ = {
			isa = PBXShellScriptBuildPhase;
			buildActionMask = 2147483647;
			files = (
			);
			inputFileListPaths = (
			);
			inputPaths = (
				"${PODS_PODFILE_DIR_PATH}/Podfile.lock",
				"${PODS_ROOT}/Manifest.lock",
			);
			name = "[CP] Check Pods Manifest.lock";
			outputFileListPaths = (
			);
			outputPaths = (
				"$(DERIVED_FILE_DIR)/Pods-Firebase_Demo-checkManifestLockResult.txt",
			);
			runOnlyForDeploymentPostprocessing = 0;
			shellPath = /bin/sh;
			shellScript = "diff \"${PODS_PODFILE_DIR_PATH}/Podfile.lock\" \"${PODS_ROOT}/Manifest.lock\" > /dev/null\nif [ $? != 0 ] ; then\n    # print error to STDERR\n    echo \"error: The sandbox is not in sync with the Podfile.lock. Run 'pod install' or update your CocoaPods installation.\" >&2\n    exit 1\nfi\n# This output is used by Xcode 'outputs' to avoid re-running this script phase.\necho \"SUCCESS\" > \"${SCRIPT_OUTPUT_FILE_0}\"\n";
			showEnvVarsInLog = 0;
		};
/* End PBXShellScriptBuildPhase section */

/* Begin PBXSourcesBuildPhase section */
		DBC31AE42A30B339009AAAAA /* Sources */ = {
			isa = PBXSourcesBuildPhase;
			buildActionMask = 2147483647;
			files = (
				DBC31AF02A30B339009AAAAA /* ViewController.swift in Sources */,
				DBC31AEC2A30B339009AAAAA /* AppDelegate.swift in Sources */,
				DBC31AEE2A30B339009AAAAA /* SceneDelegate.swift in Sources */,
			);
			runOnlyForDeploymentPostprocessing = 0;
		};
/* End PBXSourcesBuildPhase section */

/* Begin PBXVariantGroup section */
		DBC31AF12A30B339009AAAAA /* Main.storyboard */ = {
			isa = PBXVariantGroup;
			children = (
				DBC31AF22A30B339009AAAAA /* Base */,
			);
			name = Main.storyboard;
			sourceTree = "<group>";
		};
		DBC31AF62A30B33B009AAAAA /* LaunchScreen.storyboard */ = {
			isa = PBXVariantGroup;
			children = (
				DBC31AF72A30B33B009AAAAA /* Base */,
			);
			name = LaunchScreen.storyboard;
			sourceTree = "<group>";
		};
/* End PBXVariantGroup section */

/* Begin XCBuildConfiguration section */
		DBC31AFA2A30B33B009AAAAA /* Debug */ = {
			isa = XCBuildConfiguration;
			buildSettings = {
				ALWAYS_SEARCH_USER_PATHS = NO;
				CLANG_ANALYZER_NONNULL = YES;
				CLANG_ANALYZER_NUMBER_OBJECT_CONVERSION = YES_AGGRESSIVE;
				CLANG_CXX_LANGUAGE_STANDARD = "gnu++20";
				CLANG_ENABLE_MODULES = YES;
				CLANG_ENABLE_OBJC_ARC = YES;
				CLANG_ENABLE_OBJC_WEAK = YES;
				CLANG_WARN_BLOCK_CAPTURE_AUTORELEASING = YES;
				CLANG_WARN_BOOL_CONVERSION = YES;
				CLANG_WARN_COMMA = YES;
				CLANG_WARN_CONSTANT_CONVERSION = YES;
				CLANG_WARN_DEPRECATED_OBJC_IMPLEMENTATIONS = YES;
				CLANG_WARN_DIRECT_OBJC_ISA_USAGE = YES_ERROR;
				CLANG_WARN_DOCUMENTATION_COMMENTS = YES;
				CLANG_WARN_EMPTY_BODY = YES;
				CLANG_WARN_ENUM_CONVERSION = YES;
				CLANG_WARN_INFINITE_RECURSION = YES;
				CLANG_WARN_INT_CONVERSION = YES;
				CLANG_WARN_NON_LITERAL_NULL_CONVERSION = YES;
				CLANG_WARN_OBJC_IMPLICIT_RETAIN_SELF = YES;
				CLANG_WARN_OBJC_LITERAL_CONVERSION = YES;
				CLANG_WARN_OBJC_ROOT_CLASS = YES_ERROR;
				CLANG_WARN_QUOTED_INCLUDE_IN_FRAMEWORK_HEADER = YES;
				CLANG_WARN_RANGE_LOOP_ANALYSIS = YES;
				CLANG_WARN_STRICT_PROTOTYPES = YES;
				CLANG_WARN_SUSPICIOUS_MOVE = YES;
				CLANG_WARN_UNGUARDED_AVAILABILITY = YES_AGGRESSIVE;
				CLANG_WARN_UNREACHABLE_CODE = YES;
				CLANG_WARN__DUPLICATE_METHOD_MATCH = YES;
				COPY_PHASE_STRIP = NO;
				DEBUG_INFORMATION_FORMAT = dwarf;
				ENABLE_STRICT_OBJC_MSGSEND = YES;
				ENABLE_TESTABILITY = YES;
				GCC_C_LANGUAGE_STANDARD = gnu11;
				GCC_DYNAMIC_NO_PIC = NO;
				GCC_NO_COMMON_BLOCKS = YES;
				GCC_OPTIMIZATION_LEVEL = 0;
				GCC_PREPROCESSOR_DEFINITIONS = (
					"DEBUG=1",
					"$(inherited)",
				);
				GCC_WARN_64_TO_32_BIT_CONVERSION = YES;
				GCC_WARN_ABOUT_RETURN_TYPE = YES_ERROR;
				GCC_WARN_UNDECLARED_SELECTOR = YES;
				GCC_WARN_UNINITIALIZED_AUTOS = YES_AGGRESSIVE;
				GCC_WARN_UNUSED_FUNCTION = YES;
				GCC_WARN_UNUSED_VARIABLE = YES;
				IPHONEOS_DEPLOYMENT_TARGET = 16.4;
				MTL_ENABLE_DEBUG_INFO = INCLUDE_SOURCE;
				MTL_FAST_MATH = YES;
				ONLY_ACTIVE_ARCH = YES;
				SDKROOT = iphoneos;
				SWIFT_ACTIVE_COMPILATION_CONDITIONS = DEBUG;
				SWIFT_OPTIMIZATION_LEVEL = "-Onone";
			};
			name = Debug;
		};
		DBC31AFB2A30B33B009AAAAA /* Release */ = {
			isa = XCBuildConfiguration;
			buildSettings = {
				ALWAYS_SEARCH_USER_PATHS = NO;
				CLANG_ANALYZER_NONNULL = YES;
				CLANG_ANALYZER_NUMBER_OBJECT_CONVERSION = YES_AGGRESSIVE;
				CLANG_CXX_LANGUAGE_STANDARD = "gnu++20";
				CLANG_ENABLE_MODULES = YES;
				CLANG_ENABLE_OBJC_ARC = YES;
				CLANG_ENABLE_OBJC_WEAK = YES;
				CLANG_WARN_BLOCK_CAPTURE_AUTORELEASING = YES;
				CLANG_WARN_BOOL_CONVERSION = YES;
				CLANG_WARN_COMMA = YES;
				CLANG_WARN_CONSTANT_CONVERSION = YES;
				CLANG_WARN_DEPRECATED_OBJC_IMPLEMENTATIONS = YES;
				CLANG_WARN_DIRECT_OBJC_ISA_USAGE = YES_ERROR;
				CLANG_WARN_DOCUMENTATION_COMMENTS = YES;
				CLANG_WARN_EMPTY_BODY = YES;
				CLANG_WARN_ENUM_CONVERSION = YES;
				CLANG_WARN_INFINITE_RECURSION = YES;
				CLANG_WARN_INT_CONVERSION = YES;
				CLANG_WARN_NON_LITERAL_NULL_CONVERSION = YES;
				CLANG_WARN_OBJC_IMPLICIT_RETAIN_SELF = YES;
				CLANG_WARN_OBJC_LITERAL_CONVERSION = YES;
				CLANG_WARN_OBJC_ROOT_CLASS = YES_ERROR;
				CLANG_WARN_QUOTED_INCLUDE_IN_FRAMEWORK_HEADER = YES;
				CLANG_WARN_RANGE_LOOP_ANALYSIS = YES;
				CLANG_WARN_STRICT_PROTOTYPES = YES;
				CLANG_WARN_SUSPICIOUS_MOVE = YES;
				CLANG_WARN_UNGUARDED_AVAILABILITY = YES_AGGRESSIVE;
				CLANG_WARN_UNREACHABLE_CODE = YES;
				CLANG_WARN__DUPLICATE_METHOD_MATCH = YES;
				COPY_PHASE_STRIP = NO;
				DEBUG_INFORMATION_FORMAT = "dwarf-with-dsym";
				ENABLE_NS_ASSERTIONS = NO;
				ENABLE_STRICT_OBJC_MSGSEND = YES;
				GCC_C_LANGUAGE_STANDARD = gnu11;
				GCC_NO_COMMON_BLOCKS = YES;
				GCC_WARN_64_TO_32_BIT_CONVERSION = YES;
				GCC_WARN_ABOUT_RETURN_TYPE = YES_ERROR;
				GCC_WARN_UNDECLARED_SELECTOR = YES;
				GCC_WARN_UNINITIALIZED_AUTOS = YES_AGGRESSIVE;
				GCC_WARN_UNUSED_FUNCTION = YES;
				GCC_WARN_UNUSED_VARIABLE = YES;
				IPHONEOS_DEPLOYMENT_TARGET = 16.4;
				MTL_ENABLE_DEBUG_INFO = NO;
				MTL_FAST_MATH = YES;
				SDKROOT = iphoneos;
				SWIFT_COMPILATION_MODE = wholemodule;
				SWIFT_OPTIMIZATION_LEVEL = "-O";
				VALIDATE_PRODUCT = YES;
			};
			name = Release;
		};
		DBC31AFD2A30B33B009AAAAA /* Debug */ = {
			isa = XCBuildConfiguration;
			baseConfigurationReference = AE515DBB5C22366D092E8D78 /* Pods-Firebase_Demo.debug.xcconfig */;
			buildSettings = {
				ASSETCATALOG_COMPILER_APPICON_NAME = AppIcon;
				ASSETCATALOG_COMPILER_GLOBAL_ACCENT_COLOR_NAME = AccentColor;
				CODE_SIGN_STYLE = Automatic;
				CURRENT_PROJECT_VERSION = 1;
				GENERATE_INFOPLIST_FILE = YES;
				INFOPLIST_FILE = Firebase_Demo/Info.plist;
				INFOPLIST_KEY_UIApplicationSupportsIndirectInputEvents = YES;
				INFOPLIST_KEY_UILaunchStoryboardName = LaunchScreen;
				INFOPLIST_KEY_UIMainStoryboardFile = Main;
				INFOPLIST_KEY_UISupportedInterfaceOrientations_iPad = "UIInterfaceOrientationPortrait UIInterfaceOrientationPortraitUpsideDown UIInterfaceOrientationLandscapeLeft UIInterfaceOrientationLandscapeRight";
				INFOPLIST_KEY_UISupportedInterfaceOrientations_iPhone = "UIInterfaceOrientationPortrait UIInterfaceOrientationLandscapeLeft UIInterfaceOrientationLandscapeRight";
				LD_RUNPATH_SEARCH_PATHS = (
					"$(inherited)",
					"@executable_path/Frameworks",
				);
				MARKETING_VERSION = 1.0;
				PRODUCT_BUNDLE_IDENTIFIER = "samcom.Firebase-Demo";
				PRODUCT_NAME = "$(TARGET_NAME)";
				SWIFT_EMIT_LOC_STRINGS = YES;
				SWIFT_VERSION = 5.0;
				TARGETED_DEVICE_FAMILY = "1,2";
			};
			name = Debug;
		};
		DBC31AFE2A30B33B009AAAAA /* Release */ = {
			isa = XCBuildConfiguration;
			baseConfigurationReference = 221BBB33595DCD3ED571C534 /* Pods-Firebase_Demo.release.xcconfig */;
			buildSettings = {
				ASSETCATALOG_COMPILER_APPICON_NAME = AppIcon;
				ASSETCATALOG_COMPILER_GLOBAL_ACCENT_COLOR_NAME = AccentColor;
				CODE_SIGN_STYLE = Automatic;
				CURRENT_PROJECT_VERSION = 1;
				GENERATE_INFOPLIST_FILE = YES;
				INFOPLIST_FILE = Firebase_Demo/Info.plist;
				INFOPLIST_KEY_UIApplicationSupportsIndirectInputEvents = YES;
				INFOPLIST_KEY_UILaunchStoryboardName = LaunchScreen;
				INFOPLIST_KEY_UIMainStoryboardFile = Main;
				INFOPLIST_KEY_UISupportedInterfaceOrientations_iPad = "UIInterfaceOrientationPortrait UIInterfaceOrientationPortraitUpsideDown UIInterfaceOrientationLandscapeLeft UIInterfaceOrientationLandscapeRight";
				INFOPLIST_KEY_UISupportedInterfaceOrientations_iPhone = "UIInterfaceOrientationPortrait UIInterfaceOrientationLandscapeLeft UIInterfaceOrientationLandscapeRight";
				LD_RUNPATH_SEARCH_PATHS = (
					"$(inherited)",
					"@executable_path/Frameworks",
				);
				MARKETING_VERSION = 1.0;
				PRODUCT_BUNDLE_IDENTIFIER = "samcom.Firebase-Demo";
				PRODUCT_NAME = "$(TARGET_NAME)";
				SWIFT_EMIT_LOC_STRINGS = YES;
				SWIFT_VERSION = 5.0;
				TARGETED_DEVICE_FAMILY = "1,2";
			};
			name = Release;
		};
/* End XCBuildConfiguration section */

/* Begin XCConfigurationList section */
		DBC31AE32A30B339009AAAAA /* Build configuration list for PBXProject "Firebase_Demo" */ = {
			isa = XCConfigurationList;
			buildConfigurations = (
				DBC31AFA2A30B33B009AAAAA /* Debug */,
				DBC31AFB2A30B33B009AAAAA /* Release */,
			);
			defaultConfigurationIsVisible = 0;
			defaultConfigurationName = Release;
		};
		DBC31AFC2A30B33B009AAAAA /* Build configuration list for PBXNativeTarget "Firebase_Demo" */ = {
			isa = XCConfigurationList;
			buildConfigurations = (
				DBC31AFD2A30B33B009AAAAA /* Debug */,
				DBC31AFE2A30B33B009AAAAA /* Release */,
			);
			defaultConfigurationIsVisible = 0;
			defaultConfigurationName = Release;
		};
/* End XCConfigurationList section */
	};
	rootObject = DBC31AE02A30B339009AAAAA /* Project object */;
}
